
Microsoft Visual Studio Solution File, Format Version 12.00
# Visual Studio 15
VisualStudioVersion = 15.0.28010.2019
MinimumVisualStudioVersion = 10.0.40219.1
Project("{FAE04EC0-301F-11D3-BF4B-00C04F79EFBC}") = "AssemblyOne", "hm_07\AssemblyOne.csproj", "{FA801F7B-DA9C-4065-B95F-548B15907541}"
EndProject
Project("{FAE04EC0-301F-11D3-BF4B-00C04F79EFBC}") = "AssemblyTwo", "AssemblyTwo\AssemblyTwo.csproj", "{97177F9F-3CFE-453B-A00A-2B79CE0D8945}"
EndProject
Global
	GlobalSection(SolutionConfigurationPlatforms) = preSolution
		Debug|Any CPU = Debug|Any CPU
		Release|Any CPU = Release|Any CPU
	EndGlobalSection
	GlobalSection(ProjectConfigurationPlatforms) = postSolution
		{FA801F7B-DA9C-4065-B95F-548B15907541}.Debug|Any CPU.ActiveCfg = Debug|Any CPU
		{FA801F7B-DA9C-4065-B95F-548B15907541}.Debug|Any CPU.Build.0 = Debug|Any CPU
		{FA801F7B-DA9C-4065-B95F-548B15907541}.Release|Any CPU.ActiveCfg = Release|Any CPU
		{FA801F7B-DA9C-4065-B95F-548B15907541}.Release|Any CPU.Build.0 = Release|Any CPU
		{97177F9F-3CFE-453B-A00A-2B79CE0D8945}.Debug|Any CPU.ActiveCfg = Debug|Any CPU
		{97177F9F-3CFE-453B-A00A-2B79CE0D8945}.Debug|Any CPU.Build.0 = Debug|Any CPU
		{97177F9F-3CFE-453B-A00A-2B79CE0D8945}.Release|Any CPU.ActiveCfg = Release|Any CPU
		{97177F9F-3CFE-453B-A00A-2B79CE0D8945}.Release|Any CPU.Build.0 = Release|Any CPU
	EndGlobalSection
	GlobalSection(SolutionProperties) = preSolution
		HideSolutionNode = FALSE
	EndGlobalSection
	GlobalSection(ExtensibilityGlobals) = postSolution
		SolutionGuid = {E49FCCC5-16EC-476C-8D16-2A406F0A6BD6}
	EndGlobalSection
EndGlobal
