
Microsoft Visual Studio Solution File, Format Version 12.00
# Visual Studio 15
VisualStudioVersion = 15.0.28010.2019
MinimumVisualStudioVersion = 10.0.40219.1
Project("{FAE04EC0-301F-11D3-BF4B-00C04F79EFBC}") = "hm-07", "hm-07\hm-07.csproj", "{934624F2-DE94-4A39-80CE-58611112D9C7}"
EndProject
Global
	GlobalSection(SolutionConfigurationPlatforms) = preSolution
		Debug|Any CPU = Debug|Any CPU
		Release|Any CPU = Release|Any CPU
	EndGlobalSection
	GlobalSection(ProjectConfigurationPlatforms) = postSolution
		{934624F2-DE94-4A39-80CE-58611112D9C7}.Debug|Any CPU.ActiveCfg = Debug|Any CPU
		{934624F2-DE94-4A39-80CE-58611112D9C7}.Debug|Any CPU.Build.0 = Debug|Any CPU
		{934624F2-DE94-4A39-80CE-58611112D9C7}.Release|Any CPU.ActiveCfg = Release|Any CPU
		{934624F2-DE94-4A39-80CE-58611112D9C7}.Release|Any CPU.Build.0 = Release|Any CPU
	EndGlobalSection
	GlobalSection(SolutionProperties) = preSolution
		HideSolutionNode = FALSE
	EndGlobalSection
	GlobalSection(ExtensibilityGlobals) = postSolution
		SolutionGuid = {5D0E71EE-6DA0-4B34-9704-8EF2BBF3745F}
	EndGlobalSection
EndGlobal
